
Microsoft Visual Studio Solution File, Format Version 12.00
# Visual Studio Version 17
VisualStudioVersion = 17.1.32210.238
MinimumVisualStudioVersion = 10.0.40219.1
Project("{9A19103F-16F7-4668-BE54-9A1E7A4F7556}") = "KC.HMS.Web", "KC.HMS.Web\KC.HMS.Web.csproj", "{CDB195EA-6412-4458-AAA3-CDEF71AF28E4}"
EndProject
Project("{9A19103F-16F7-4668-BE54-9A1E7A4F7556}") = "KC.HMS.WebAPI", "KC.HMS.WebAPI\KC.HMS.WebAPI.csproj", "{D8E96E1F-2082-4FE7-820F-9B36304991E6}"
EndProject
Project("{9A19103F-16F7-4668-BE54-9A1E7A4F7556}") = "KC.HMS.Core", "KC.HMS.Core\KC.HMS.Core.csproj", "{D7A0BDB7-BA93-450F-8DD6-13AEE196F78F}"
EndProject
Project("{9A19103F-16F7-4668-BE54-9A1E7A4F7556}") = "KC.HMS.Services", "KC.HMS.Services\KC.HMS.Services.csproj", "{6CA6167E-8EE7-4C67-BE53-C54E373E35FB}"
EndProject
Global
	GlobalSection(SolutionConfigurationPlatforms) = preSolution
		Debug|Any CPU = Debug|Any CPU
		Release|Any CPU = Release|Any CPU
	EndGlobalSection
	GlobalSection(ProjectConfigurationPlatforms) = postSolution
		{CDB195EA-6412-4458-AAA3-CDEF71AF28E4}.Debug|Any CPU.ActiveCfg = Debug|Any CPU
		{CDB195EA-6412-4458-AAA3-CDEF71AF28E4}.Debug|Any CPU.Build.0 = Debug|Any CPU
		{CDB195EA-6412-4458-AAA3-CDEF71AF28E4}.Release|Any CPU.ActiveCfg = Release|Any CPU
		{CDB195EA-6412-4458-AAA3-CDEF71AF28E4}.Release|Any CPU.Build.0 = Release|Any CPU
		{D8E96E1F-2082-4FE7-820F-9B36304991E6}.Debug|Any CPU.ActiveCfg = Debug|Any CPU
		{D8E96E1F-2082-4FE7-820F-9B36304991E6}.Debug|Any CPU.Build.0 = Debug|Any CPU
		{D8E96E1F-2082-4FE7-820F-9B36304991E6}.Release|Any CPU.ActiveCfg = Release|Any CPU
		{D8E96E1F-2082-4FE7-820F-9B36304991E6}.Release|Any CPU.Build.0 = Release|Any CPU
		{D7A0BDB7-BA93-450F-8DD6-13AEE196F78F}.Debug|Any CPU.ActiveCfg = Debug|Any CPU
		{D7A0BDB7-BA93-450F-8DD6-13AEE196F78F}.Debug|Any CPU.Build.0 = Debug|Any CPU
		{D7A0BDB7-BA93-450F-8DD6-13AEE196F78F}.Release|Any CPU.ActiveCfg = Release|Any CPU
		{D7A0BDB7-BA93-450F-8DD6-13AEE196F78F}.Release|Any CPU.Build.0 = Release|Any CPU
		{6CA6167E-8EE7-4C67-BE53-C54E373E35FB}.Debug|Any CPU.ActiveCfg = Debug|Any CPU
		{6CA6167E-8EE7-4C67-BE53-C54E373E35FB}.Debug|Any CPU.Build.0 = Debug|Any CPU
		{6CA6167E-8EE7-4C67-BE53-C54E373E35FB}.Release|Any CPU.ActiveCfg = Release|Any CPU
		{6CA6167E-8EE7-4C67-BE53-C54E373E35FB}.Release|Any CPU.Build.0 = Release|Any CPU
	EndGlobalSection
	GlobalSection(SolutionProperties) = preSolution
		HideSolutionNode = FALSE
	EndGlobalSection
	GlobalSection(ExtensibilityGlobals) = postSolution
		SolutionGuid = {8B496D2A-3629-4A1E-9511-8038087B153A}
	EndGlobalSection
EndGlobal
